
Microsoft Visual Studio Solution File, Format Version 12.00
# Visual Studio Version 17
VisualStudioVersion = 17.1.32319.34
MinimumVisualStudioVersion = 10.0.40219.1
Project("{9A19103F-16F7-4668-BE54-9A1E7A4F7556}") = "SingletonPattern", "Singleton\SingletonPattern.csproj", "{4AD2B65D-12FA-4316-9C10-BA9EE7EFCD9A}"
EndProject
Project("{9A19103F-16F7-4668-BE54-9A1E7A4F7556}") = "FactoryMethodPattern", "FactoryMethodPattern\FactoryMethodPattern.csproj", "{19593BBB-786F-4980-90EA-EB0B993B9011}"
EndProject
Project("{FAE04EC0-301F-11D3-BF4B-00C04F79EFBC}") = "AbstractFactoryPattern", "AbstractFactoryPattern\AbstractFactoryPattern.csproj", "{C928C19A-0DB8-41A8-94BD-6D89C0FB0241}"
EndProject
Project("{FAE04EC0-301F-11D3-BF4B-00C04F79EFBC}") = "Prototype", "Prototype\Prototype.csproj", "{7A9D252F-DAF1-48D3-8BD2-9D7E52F27B78}"
EndProject
Global
	GlobalSection(SolutionConfigurationPlatforms) = preSolution
		Debug|Any CPU = Debug|Any CPU
		Release|Any CPU = Release|Any CPU
	EndGlobalSection
	GlobalSection(ProjectConfigurationPlatforms) = postSolution
		{4AD2B65D-12FA-4316-9C10-BA9EE7EFCD9A}.Debug|Any CPU.ActiveCfg = Debug|Any CPU
		{4AD2B65D-12FA-4316-9C10-BA9EE7EFCD9A}.Debug|Any CPU.Build.0 = Debug|Any CPU
		{4AD2B65D-12FA-4316-9C10-BA9EE7EFCD9A}.Release|Any CPU.ActiveCfg = Release|Any CPU
		{4AD2B65D-12FA-4316-9C10-BA9EE7EFCD9A}.Release|Any CPU.Build.0 = Release|Any CPU
		{19593BBB-786F-4980-90EA-EB0B993B9011}.Debug|Any CPU.ActiveCfg = Debug|Any CPU
		{19593BBB-786F-4980-90EA-EB0B993B9011}.Debug|Any CPU.Build.0 = Debug|Any CPU
		{19593BBB-786F-4980-90EA-EB0B993B9011}.Release|Any CPU.ActiveCfg = Release|Any CPU
		{19593BBB-786F-4980-90EA-EB0B993B9011}.Release|Any CPU.Build.0 = Release|Any CPU
		{C928C19A-0DB8-41A8-94BD-6D89C0FB0241}.Debug|Any CPU.ActiveCfg = Debug|Any CPU
		{C928C19A-0DB8-41A8-94BD-6D89C0FB0241}.Debug|Any CPU.Build.0 = Debug|Any CPU
		{C928C19A-0DB8-41A8-94BD-6D89C0FB0241}.Release|Any CPU.ActiveCfg = Release|Any CPU
		{C928C19A-0DB8-41A8-94BD-6D89C0FB0241}.Release|Any CPU.Build.0 = Release|Any CPU
		{7A9D252F-DAF1-48D3-8BD2-9D7E52F27B78}.Debug|Any CPU.ActiveCfg = Debug|Any CPU
		{7A9D252F-DAF1-48D3-8BD2-9D7E52F27B78}.Debug|Any CPU.Build.0 = Debug|Any CPU
		{7A9D252F-DAF1-48D3-8BD2-9D7E52F27B78}.Release|Any CPU.ActiveCfg = Release|Any CPU
		{7A9D252F-DAF1-48D3-8BD2-9D7E52F27B78}.Release|Any CPU.Build.0 = Release|Any CPU
	EndGlobalSection
	GlobalSection(SolutionProperties) = preSolution
		HideSolutionNode = FALSE
	EndGlobalSection
	GlobalSection(ExtensibilityGlobals) = postSolution
		SolutionGuid = {DF86DA02-C02E-419D-9073-F6C0F54C43C2}
	EndGlobalSection
EndGlobal
